{
    "_readme": [
        "This file locks the dependencies of your project to a known state",
        "Read more about it at https://getcomposer.org/doc/01-basic-usage.md#composer-lock-the-lock-file",
        "This file is @generated automatically"
    ],
    "hash": "a29b209a2254d9042508f5248e085669",
    "content-hash": "f2b6ecc7a5ad9de39aedeef7e0a55672",
    "packages": [
        {
            "name": "suzuki86/DateRange",
            "version": "0.1.3",
            "source": {
                "type": "git",
                "url": "https://github.com/suzuki86/DateRange",
                "reference": "3f75565c7d9bd57aecc9a88aa2710fce6f59553f"
            },
            "type": "library",
            "autoload": {
                "psr-4": {
                    "DateRange\\": "src/"
                }
            },
            "description": "A Utility class for handling range of date written in PHP.",
            "time": "2015-11-22 14:52:20"
        },
        {
            "name": "suzuki86/phpgantt",
            "version": "0.0.3",
            "source": {
                "type": "git",
                "url": "https://github.com/suzuki86/phpgantt",
                "reference": "51931890c3b088bdd99272bbfcf418829ca8dccc"
            },
            "require": {
                "suzuki86/daterange": "0.1.3"
            },
            "type": "library",
            "autoload": {
                "psr-4": {
                    "PhpGantt\\": "src/"
                }
            },
            "description": "Gantt chart generator written in PHP",
            "time": "2015-12-06 05:57:25"
        }
    ],
    "packages-dev": [],
    "aliases": [],
    "minimum-stability": "stable",
    "stability-flags": [],
    "prefer-stable": false,
    "prefer-lowest": false,
    "platform": [],
    "platform-dev": []
}
